
Microsoft Visual Studio Solution File, Format Version 12.00
Project("{FAE04EC0-301F-11D3-BF4B-00C04F79EFBC}") = "DAL", "DAL\DAL.csproj", "{A56025CA-F8F8-4F7E-B1F1-B6EAF71A57C3}"
EndProject
Project("{2150E333-8FDC-42A3-9474-1A3956D46DE8}") = "Catalog", "Catalog", "{7BFBBC6A-F2F3-4063-AE83-36FA0BF4BBF0}"
EndProject
Project("{FAE04EC0-301F-11D3-BF4B-00C04F79EFBC}") = "DAL.Test", "DAL.Test\DAL.Test.csproj", "{CAD1EE03-F7DA-4210-9021-8325DADEB36A}"
EndProject
Project("{FAE04EC0-301F-11D3-BF4B-00C04F79EFBC}") = "BLL", "BLL\BLL.csproj", "{990FD97F-2344-4CC9-B1DC-185021D8CAC7}"
EndProject
Project("{FAE04EC0-301F-11D3-BF4B-00C04F79EFBC}") = "BLL.Test", "BLL.Test\BLL.Test.csproj", "{550446D4-7569-460C-A5CA-AFFDC6F12107}"
EndProject
Project("{FAE04EC0-301F-11D3-BF4B-00C04F79EFBC}") = "CCL", "CCL\CCL.csproj", "{31AB00FD-657A-4CE5-84F0-ED4111AB43A0}"
EndProject
Global
	GlobalSection(SolutionConfigurationPlatforms) = preSolution
		Debug|Any CPU = Debug|Any CPU
		Release|Any CPU = Release|Any CPU
	EndGlobalSection
	GlobalSection(ProjectConfigurationPlatforms) = postSolution
		{A56025CA-F8F8-4F7E-B1F1-B6EAF71A57C3}.Debug|Any CPU.ActiveCfg = Debug|Any CPU
		{A56025CA-F8F8-4F7E-B1F1-B6EAF71A57C3}.Debug|Any CPU.Build.0 = Debug|Any CPU
		{A56025CA-F8F8-4F7E-B1F1-B6EAF71A57C3}.Release|Any CPU.ActiveCfg = Release|Any CPU
		{A56025CA-F8F8-4F7E-B1F1-B6EAF71A57C3}.Release|Any CPU.Build.0 = Release|Any CPU
		{CAD1EE03-F7DA-4210-9021-8325DADEB36A}.Debug|Any CPU.ActiveCfg = Debug|Any CPU
		{CAD1EE03-F7DA-4210-9021-8325DADEB36A}.Debug|Any CPU.Build.0 = Debug|Any CPU
		{CAD1EE03-F7DA-4210-9021-8325DADEB36A}.Release|Any CPU.ActiveCfg = Release|Any CPU
		{CAD1EE03-F7DA-4210-9021-8325DADEB36A}.Release|Any CPU.Build.0 = Release|Any CPU
		{990FD97F-2344-4CC9-B1DC-185021D8CAC7}.Debug|Any CPU.ActiveCfg = Debug|Any CPU
		{990FD97F-2344-4CC9-B1DC-185021D8CAC7}.Debug|Any CPU.Build.0 = Debug|Any CPU
		{990FD97F-2344-4CC9-B1DC-185021D8CAC7}.Release|Any CPU.ActiveCfg = Release|Any CPU
		{990FD97F-2344-4CC9-B1DC-185021D8CAC7}.Release|Any CPU.Build.0 = Release|Any CPU
		{550446D4-7569-460C-A5CA-AFFDC6F12107}.Debug|Any CPU.ActiveCfg = Debug|Any CPU
		{550446D4-7569-460C-A5CA-AFFDC6F12107}.Debug|Any CPU.Build.0 = Debug|Any CPU
		{550446D4-7569-460C-A5CA-AFFDC6F12107}.Release|Any CPU.ActiveCfg = Release|Any CPU
		{550446D4-7569-460C-A5CA-AFFDC6F12107}.Release|Any CPU.Build.0 = Release|Any CPU
		{31AB00FD-657A-4CE5-84F0-ED4111AB43A0}.Debug|Any CPU.ActiveCfg = Debug|Any CPU
		{31AB00FD-657A-4CE5-84F0-ED4111AB43A0}.Debug|Any CPU.Build.0 = Debug|Any CPU
		{31AB00FD-657A-4CE5-84F0-ED4111AB43A0}.Release|Any CPU.ActiveCfg = Release|Any CPU
		{31AB00FD-657A-4CE5-84F0-ED4111AB43A0}.Release|Any CPU.Build.0 = Release|Any CPU
	EndGlobalSection
	GlobalSection(NestedProjects) = preSolution
		{A56025CA-F8F8-4F7E-B1F1-B6EAF71A57C3} = {7BFBBC6A-F2F3-4063-AE83-36FA0BF4BBF0}
		{CAD1EE03-F7DA-4210-9021-8325DADEB36A} = {7BFBBC6A-F2F3-4063-AE83-36FA0BF4BBF0}
		{990FD97F-2344-4CC9-B1DC-185021D8CAC7} = {7BFBBC6A-F2F3-4063-AE83-36FA0BF4BBF0}
		{550446D4-7569-460C-A5CA-AFFDC6F12107} = {7BFBBC6A-F2F3-4063-AE83-36FA0BF4BBF0}
		{31AB00FD-657A-4CE5-84F0-ED4111AB43A0} = {7BFBBC6A-F2F3-4063-AE83-36FA0BF4BBF0}
	EndGlobalSection
EndGlobal
