
Microsoft Visual Studio Solution File, Format Version 12.00
# Visual Studio Version 16
VisualStudioVersion = 16.0.34114.132
MinimumVisualStudioVersion = 10.0.40219.1
Project("{FAE04EC0-301F-11D3-BF4B-00C04F79EFBC}") = "Lab1", "Lab1.csproj", "{BCC9B7C4-0526-492A-A2C8-00AD8622E2AA}"
EndProject
Global
	GlobalSection(SolutionConfigurationPlatforms) = preSolution
		Debug|Any CPU = Debug|Any CPU
		Release|Any CPU = Release|Any CPU
	EndGlobalSection
	GlobalSection(ProjectConfigurationPlatforms) = postSolution
		{BCC9B7C4-0526-492A-A2C8-00AD8622E2AA}.Debug|Any CPU.ActiveCfg = Debug|Any CPU
		{BCC9B7C4-0526-492A-A2C8-00AD8622E2AA}.Debug|Any CPU.Build.0 = Debug|Any CPU
		{BCC9B7C4-0526-492A-A2C8-00AD8622E2AA}.Release|Any CPU.ActiveCfg = Release|Any CPU
		{BCC9B7C4-0526-492A-A2C8-00AD8622E2AA}.Release|Any CPU.Build.0 = Release|Any CPU
	EndGlobalSection
	GlobalSection(SolutionProperties) = preSolution
		HideSolutionNode = FALSE
	EndGlobalSection
	GlobalSection(ExtensibilityGlobals) = postSolution
		SolutionGuid = {FB6C2DA1-BEEB-4169-9E4F-2FD240D16648}
	EndGlobalSection
EndGlobal
